
Microsoft Visual Studio Solution File, Format Version 12.00
# Visual Studio Version 17
VisualStudioVersion = 17.10.34607.79
MinimumVisualStudioVersion = 10.0.40219.1
Project("{9A19103F-16F7-4668-BE54-9A1E7A4F7556}") = "MathUtils", "MathUtils\MathUtils.csproj", "{2199E543-D95E-4093-8371-8094DEB7312F}"
EndProject
Project("{2150E333-8FDC-42A3-9474-1A3956D46DE8}") = "Solution Items", "Solution Items", "{8EC462FD-D22E-90A8-E5CE-7E832BA40C5D}"
	ProjectSection(SolutionItems) = preProject
		.editorconfig = .editorconfig
	EndProjectSection
EndProject
Project("{9A19103F-16F7-4668-BE54-9A1E7A4F7556}") = "MathUtils.Equations", "MathUtils.Equations\MathUtils.Equations.csproj", "{73E09C9C-2C0C-4329-9F64-232E2E6C85B8}"
EndProject
Project("{9A19103F-16F7-4668-BE54-9A1E7A4F7556}") = "MathUtils.Measures", "MathUtils.Measures\MathUtils.Measures.csproj", "{82235110-1591-4A90-9B3B-ADD4E7209972}"
EndProject
Project("{9A19103F-16F7-4668-BE54-9A1E7A4F7556}") = "MathUtils.Generators", "MathUtils.Generators\MathUtils.Generators.csproj", "{494052C7-0202-4430-BB34-FAB54655C39B}"
EndProject
Global
	GlobalSection(SolutionConfigurationPlatforms) = preSolution
		Debug|Any CPU = Debug|Any CPU
		Release|Any CPU = Release|Any CPU
	EndGlobalSection
	GlobalSection(ProjectConfigurationPlatforms) = postSolution
		{2199E543-D95E-4093-8371-8094DEB7312F}.Debug|Any CPU.ActiveCfg = Debug|Any CPU
		{2199E543-D95E-4093-8371-8094DEB7312F}.Debug|Any CPU.Build.0 = Debug|Any CPU
		{2199E543-D95E-4093-8371-8094DEB7312F}.Release|Any CPU.ActiveCfg = Release|Any CPU
		{2199E543-D95E-4093-8371-8094DEB7312F}.Release|Any CPU.Build.0 = Release|Any CPU
		{73E09C9C-2C0C-4329-9F64-232E2E6C85B8}.Debug|Any CPU.ActiveCfg = Debug|Any CPU
		{73E09C9C-2C0C-4329-9F64-232E2E6C85B8}.Debug|Any CPU.Build.0 = Debug|Any CPU
		{73E09C9C-2C0C-4329-9F64-232E2E6C85B8}.Release|Any CPU.ActiveCfg = Release|Any CPU
		{73E09C9C-2C0C-4329-9F64-232E2E6C85B8}.Release|Any CPU.Build.0 = Release|Any CPU
		{82235110-1591-4A90-9B3B-ADD4E7209972}.Debug|Any CPU.ActiveCfg = Debug|Any CPU
		{82235110-1591-4A90-9B3B-ADD4E7209972}.Debug|Any CPU.Build.0 = Debug|Any CPU
		{82235110-1591-4A90-9B3B-ADD4E7209972}.Release|Any CPU.ActiveCfg = Release|Any CPU
		{82235110-1591-4A90-9B3B-ADD4E7209972}.Release|Any CPU.Build.0 = Release|Any CPU
		{494052C7-0202-4430-BB34-FAB54655C39B}.Debug|Any CPU.ActiveCfg = Debug|Any CPU
		{494052C7-0202-4430-BB34-FAB54655C39B}.Debug|Any CPU.Build.0 = Debug|Any CPU
		{494052C7-0202-4430-BB34-FAB54655C39B}.Release|Any CPU.ActiveCfg = Release|Any CPU
		{494052C7-0202-4430-BB34-FAB54655C39B}.Release|Any CPU.Build.0 = Release|Any CPU
	EndGlobalSection
	GlobalSection(SolutionProperties) = preSolution
		HideSolutionNode = FALSE
	EndGlobalSection
	GlobalSection(ExtensibilityGlobals) = postSolution
		SolutionGuid = {049A3A6A-FE3A-4127-B67E-CA62E254D49F}
	EndGlobalSection
EndGlobal
