
Microsoft Visual Studio Solution File, Format Version 12.00
# Visual Studio Version 17
VisualStudioVersion = 17.10.34607.79
MinimumVisualStudioVersion = 10.0.40219.1
Project("{9A19103F-16F7-4668-BE54-9A1E7A4F7556}") = "BitcoderCZ.Maths", "BitcoderCZ.Maths\BitcoderCZ.Maths.csproj", "{2199E543-D95E-4093-8371-8094DEB7312F}"
EndProject
Project("{2150E333-8FDC-42A3-9474-1A3956D46DE8}") = "Solution Items", "Solution Items", "{8EC462FD-D22E-90A8-E5CE-7E832BA40C5D}"
	ProjectSection(SolutionItems) = preProject
		.editorconfig = .editorconfig
		Directory.Build.props = Directory.Build.props
	EndProjectSection
EndProject
Project("{9A19103F-16F7-4668-BE54-9A1E7A4F7556}") = "BitcoderCZ.Maths.Generators", "BitcoderCZ.Maths.Generators\BitcoderCZ.Maths.Generators.csproj", "{494052C7-0202-4430-BB34-FAB54655C39B}"
EndProject
Global
	GlobalSection(SolutionConfigurationPlatforms) = preSolution
		Debug|Any CPU = Debug|Any CPU
		Release|Any CPU = Release|Any CPU
	EndGlobalSection
	GlobalSection(ProjectConfigurationPlatforms) = postSolution
		{2199E543-D95E-4093-8371-8094DEB7312F}.Debug|Any CPU.ActiveCfg = Debug|Any CPU
		{2199E543-D95E-4093-8371-8094DEB7312F}.Debug|Any CPU.Build.0 = Debug|Any CPU
		{2199E543-D95E-4093-8371-8094DEB7312F}.Release|Any CPU.ActiveCfg = Release|Any CPU
		{2199E543-D95E-4093-8371-8094DEB7312F}.Release|Any CPU.Build.0 = Release|Any CPU
		{494052C7-0202-4430-BB34-FAB54655C39B}.Debug|Any CPU.ActiveCfg = Debug|Any CPU
		{494052C7-0202-4430-BB34-FAB54655C39B}.Debug|Any CPU.Build.0 = Debug|Any CPU
		{494052C7-0202-4430-BB34-FAB54655C39B}.Release|Any CPU.ActiveCfg = Release|Any CPU
		{494052C7-0202-4430-BB34-FAB54655C39B}.Release|Any CPU.Build.0 = Release|Any CPU
	EndGlobalSection
	GlobalSection(SolutionProperties) = preSolution
		HideSolutionNode = FALSE
	EndGlobalSection
	GlobalSection(ExtensibilityGlobals) = postSolution
		SolutionGuid = {049A3A6A-FE3A-4127-B67E-CA62E254D49F}
	EndGlobalSection
EndGlobal
